Microsoft Visual Studio Solution File, Format Version 12.00
# Visual Studio Version 17
VisualStudioVersion = 17.5.2.0
MinimumVisualStudioVersion = 10.0.40219.1
Project("{FAE04EC0-301F-11D3-BF4B-00C04F79EFBC}") = "C#_Module", "C#_Module.csproj", "{D68D9E0E-2AFC-AE97-9B7E-12731FA37992}"
EndProject
Global
	GlobalSection(SolutionConfigurationPlatforms) = preSolution
		Debug|Any CPU = Debug|Any CPU
		Release|Any CPU = Release|Any CPU
	EndGlobalSection
	GlobalSection(ProjectConfigurationPlatforms) = postSolution
		{D68D9E0E-2AFC-AE97-9B7E-12731FA37992}.Debug|Any CPU.ActiveCfg = Debug|Any CPU
		{D68D9E0E-2AFC-AE97-9B7E-12731FA37992}.Debug|Any CPU.Build.0 = Debug|Any CPU
		{D68D9E0E-2AFC-AE97-9B7E-12731FA37992}.Release|Any CPU.ActiveCfg = Release|Any CPU
		{D68D9E0E-2AFC-AE97-9B7E-12731FA37992}.Release|Any CPU.Build.0 = Release|Any CPU
	EndGlobalSection
	GlobalSection(SolutionProperties) = preSolution
		HideSolutionNode = FALSE
	EndGlobalSection
	GlobalSection(ExtensibilityGlobals) = postSolution
		SolutionGuid = {789A4037-5800-447E-A0D2-7D953658D44F}
	EndGlobalSection
EndGlobal
